schema: '2.0'
stages:
  prepare:
    cmd: python3.11 prepare.py
    deps:
    - path: data/99999913724.csv
      hash: md5
      md5: 942c66d98b58a5e9333c62f84427c5cd
      size: 322119
    - path: prepare.py
      hash: md5
      md5: 5d52102362fde7e9442813777d05d433
      size: 841
    params:
      params.yaml:
        params.gt_index:
        - 53
    outs:
    - path: gt.pickle
      hash: md5
      md5: 93a185dc46c4175080856b3b0a6d46cb
      size: 360
  process:
    cmd: python3.11 process.py
    deps:
    - path: data/99999913724.csv
      hash: md5
      md5: 942c66d98b58a5e9333c62f84427c5cd
      size: 322119
    - path: process.py
      hash: md5
      md5: d04d368c47215d0b4097e52f4097dc70
      size: 962
    params:
      params.yaml:
        params.compute_index:
        - - 34
          - 53
    outs:
    - path: compute.pickle
      hash: md5
      md5: ed285650af3f0a69c745634a3d3ac21a
      size: 358
  evaluate:
    cmd: python3.11 evaluate.py
    deps:
    - path: compute.pickle
      hash: md5
      md5: ed285650af3f0a69c745634a3d3ac21a
      size: 358
    - path: gt.pickle
      hash: md5
      md5: 93a185dc46c4175080856b3b0a6d46cb
      size: 360
    outs:
    - path: r2_score.pickle
      hash: md5
      md5: 11a31c485852c00e56d75fa3ed1c22fc
      size: 164
  download:
    cmd: python3.11 download.py
    deps:
    - path: download.py
      hash: md5
      md5: a12fe20dcd3718dbb2fa34ed95e09674
      size: 479
    params:
      params.yaml:
        params.file_names:
        - 99999913724.csv
        - 99999913752.csv
        - 99999913782.csv
        - 99999923272.csv
    outs:
    - path: data/99999913724.csv
      hash: md5
      md5: 942c66d98b58a5e9333c62f84427c5cd
      size: 322119
